{
  "name": "create",
  "version": "1.0.0",
  "lockfileVersion": 3,
  "requires": true,
  "packages": {
    "": {
      "name": "create",
      "version": "1.0.0",
      "license": "ISC",
      "dependencies": {
        "@types/getenv": "^1.0.3",
        "getenv": "^2.0.0"
      }
    },
    "node_modules/@types/getenv": {
      "version": "1.0.3",
      "resolved": "https://registry.npmjs.org/@types/getenv/-/getenv-1.0.3.tgz",
      "integrity": "sha512-aCe60hc2U/xtdnGYbcZBFm6Xkm/MFuWqKMbhupcGt7DJ1QojADIXFKthtlgTwyXkEi6vr8lMXtOI218Ua9qx6w==",
      "license": "MIT",
      "dependencies": {
        "@types/node": "*"
      }
    },
    "node_modules/@types/node": {
      "version": "24.0.12",
      "resolved": "https://registry.npmjs.org/@types/node/-/node-24.0.12.tgz",
      "integrity": "sha512-LtOrbvDf5ndC9Xi+4QZjVL0woFymF/xSTKZKPgrrl7H7XoeDvnD+E2IclKVDyaK9UM756W/3BXqSU+JEHopA9g==",
      "license": "MIT",
      "dependencies": {
        "undici-types": "~7.8.0"
      }
    },
    "node_modules/getenv": {
      "version": "2.0.0",
      "resolved": "https://registry.npmjs.org/getenv/-/getenv-2.0.0.tgz",
      "integrity": "sha512-VilgtJj/ALgGY77fiLam5iD336eSWi96Q15JSAG1zi8NRBysm3LXKdGnHb4m5cuyxvOLQQKWpBZAT6ni4FI2iQ==",
      "license": "MIT",
      "engines": {
        "node": ">=6"
      }
    },
    "node_modules/undici-types": {
      "version": "7.8.0",
      "resolved": "https://registry.npmjs.org/undici-types/-/undici-types-7.8.0.tgz",
      "integrity": "sha512-9UJ2xGDvQ43tYyVMpuHlsgApydB8ZKfVYTsLDhXkFL/6gfkp+U8xTGdh8pMJv1SpZna0zxG1DwsKZsreLbXBxw==",
      "license": "MIT"
    }
  }
}
